
Microsoft Visual Studio Solution File, Format Version 12.00
# Visual Studio Version 16
VisualStudioVersion = 16.0.30804.86
MinimumVisualStudioVersion = 10.0.40219.1
Project("{FAE04EC0-301F-11D3-BF4B-00C04F79EFBC}") = "Project1_Group_39", "Project1_Group_39.csproj", "{2B957B39-EBF2-4FE8-BDF0-50A4AAC1EC0A}"
EndProject
Global
	GlobalSection(SolutionConfigurationPlatforms) = preSolution
		Debug|Any CPU = Debug|Any CPU
		Release|Any CPU = Release|Any CPU
	EndGlobalSection
	GlobalSection(ProjectConfigurationPlatforms) = postSolution
		{2B957B39-EBF2-4FE8-BDF0-50A4AAC1EC0A}.Debug|Any CPU.ActiveCfg = Debug|Any CPU
		{2B957B39-EBF2-4FE8-BDF0-50A4AAC1EC0A}.Debug|Any CPU.Build.0 = Debug|Any CPU
		{2B957B39-EBF2-4FE8-BDF0-50A4AAC1EC0A}.Release|Any CPU.ActiveCfg = Release|Any CPU
		{2B957B39-EBF2-4FE8-BDF0-50A4AAC1EC0A}.Release|Any CPU.Build.0 = Release|Any CPU
	EndGlobalSection
	GlobalSection(SolutionProperties) = preSolution
		HideSolutionNode = FALSE
	EndGlobalSection
	GlobalSection(ExtensibilityGlobals) = postSolution
		SolutionGuid = {C3E4271E-FBC2-4DC7-AD24-474458378D46}
	EndGlobalSection
EndGlobal
